# @generated - this file is auto-generated by `mise lock` https://mise.en.dev/dev-tools/mise-lock.html

[[tools."aqua:golangci/golangci-lint"]]
version = "2.14.0"
backend = "aqua:golangci/golangci-lint"

[tools."aqua:golangci/golangci-lint"."platforms.linux-arm64"]
checksum = "sha256:ee7ec5f3453d15ddf106fae5a4d6c71737712348a979d1fe9cd52ec7ea299bae"
url = "https://github.com/golangci/golangci-lint/releases/download/v2.14.0/golangci-lint-2.14.0-linux-arm64.tar.gz"
url_api = "https://api.github.com/repos/golangci/golangci-lint/releases/assets/585813674"
provenance = "github-attestations"

[tools."aqua:golangci/golangci-lint"."platforms.linux-arm64-musl"]
checksum = "sha256:ee7ec5f3453d15ddf106fae5a4d6c71737712348a979d1fe9cd52ec7ea299bae"
url = "https://github.com/golangci/golangci-lint/releases/download/v2.14.0/golangci-lint-2.14.0-linux-arm64.tar.gz"
url_api = "https://api.github.com/repos/golangci/golangci-lint/releases/assets/585813674"
provenance = "github-attestations"

[tools."aqua:golangci/golangci-lint"."platforms.linux-x64"]
checksum = "sha256:ab90aeb7b066f92a33415b638a50fe5344bbb75a0d32ad30cc248d88f81032ab"
url = "https://github.com/golangci/golangci-lint/releases/download/v2.14.0/golangci-lint-2.14.0-linux-amd64.tar.gz"
url_api = "https://api.github.com/repos/golangci/golangci-lint/releases/assets/585813815"
provenance = "github-attestations"

[tools."aqua:golangci/golangci-lint"."platforms.linux-x64-musl"]
checksum = "sha256:ab90aeb7b066f92a33415b638a50fe5344bbb75a0d32ad30cc248d88f81032ab"
url = "https://github.com/golangci/golangci-lint/releases/download/v2.14.0/golangci-lint-2.14.0-linux-amd64.tar.gz"
url_api = "https://api.github.com/repos/golangci/golangci-lint/releases/assets/585813815"
provenance = "github-attestations"

[tools."aqua:golangci/golangci-lint"."platforms.macos-arm64"]
checksum = "sha256:5ef5f36a7147e91dc58ef9ef4d11bb7bad5ead0c76eb6c01327a73c641d1dcc3"
url = "https://github.com/golangci/golangci-lint/releases/download/v2.14.0/golangci-lint-2.14.0-darwin-arm64.tar.gz"
url_api = "https://api.github.com/repos/golangci/golangci-lint/releases/assets/585813591"
provenance = "github-attestations"

[tools."aqua:golangci/golangci-lint"."platforms.macos-x64"]
checksum = "sha256:a5667c1c3536be1740133213e1e822bfb8f0d98ea12903174d6d5f635e4ed68d"
url = "https://github.com/golangci/golangci-lint/releases/download/v2.14.0/golangci-lint-2.14.0-darwin-amd64.tar.gz"
url_api = "https://api.github.com/repos/golangci/golangci-lint/releases/assets/585813755"
provenance = "github-attestations"

[tools."aqua:golangci/golangci-lint"."platforms.windows-x64"]
checksum = "sha256:b15f903d1649283a2ab6e8d2f0c317eaf1f9f6b3763950e7e8b7e72a43dd724f"
url = "https://github.com/golangci/golangci-lint/releases/download/v2.14.0/golangci-lint-2.14.0-windows-amd64.zip"
url_api = "https://api.github.com/repos/golangci/golangci-lint/releases/assets/585813793"
provenance = "github-attestations"

[[tools."github:abhinav/requiredfield"]]
version = "0.10.0"
backend = "github:abhinav/requiredfield"

[tools."github:abhinav/requiredfield"."platforms.linux-arm64"]
checksum = "sha256:67963080de1311c9978c865dd16519139af2b92ff235f562ea9ccaefba730f16"
url = "https://github.com/abhinav/requiredfield/releases/download/v0.10.0/requiredfield.Linux-aarch64.tar.gz"
url_api = "https://api.github.com/repos/abhinav/requiredfield/releases/assets/522684647"

[tools."github:abhinav/requiredfield"."platforms.linux-arm64-musl"]
checksum = "sha256:67963080de1311c9978c865dd16519139af2b92ff235f562ea9ccaefba730f16"
url = "https://github.com/abhinav/requiredfield/releases/download/v0.10.0/requiredfield.Linux-aarch64.tar.gz"
url_api = "https://api.github.com/repos/abhinav/requiredfield/releases/assets/522684647"

[tools."github:abhinav/requiredfield"."platforms.linux-x64"]
checksum = "sha256:33cf4d87eb1b540ca3efec4d21a070f750557c638da83e29ffbe84eb48b162de"
url = "https://github.com/abhinav/requiredfield/releases/download/v0.10.0/requiredfield.Linux-x86_64.tar.gz"
url_api = "https://api.github.com/repos/abhinav/requiredfield/releases/assets/522684648"

[tools."github:abhinav/requiredfield"."platforms.linux-x64-musl"]
checksum = "sha256:33cf4d87eb1b540ca3efec4d21a070f750557c638da83e29ffbe84eb48b162de"
url = "https://github.com/abhinav/requiredfield/releases/download/v0.10.0/requiredfield.Linux-x86_64.tar.gz"
url_api = "https://api.github.com/repos/abhinav/requiredfield/releases/assets/522684648"

[tools."github:abhinav/requiredfield"."platforms.macos-arm64"]
checksum = "sha256:01918d9178c2b5d8f12a7d2725b5d89fd672ae69112a5210e9dbb54d106f4c73"
url = "https://github.com/abhinav/requiredfield/releases/download/v0.10.0/requiredfield.Darwin-arm64.tar.gz"
url_api = "https://api.github.com/repos/abhinav/requiredfield/releases/assets/522684668"

[tools."github:abhinav/requiredfield"."platforms.macos-x64"]
checksum = "sha256:ec9d06e71a947e5676aede10b67d084be177731f8464173b488efe011f474930"
url = "https://github.com/abhinav/requiredfield/releases/download/v0.10.0/requiredfield.Darwin-x86_64.tar.gz"
url_api = "https://api.github.com/repos/abhinav/requiredfield/releases/assets/522684670"

[tools."github:abhinav/requiredfield"."platforms.windows-x64"]
checksum = "sha256:66a5af92e063fb84b735b346911799530d521d4b6bdfef7c9fa657f3d41a1d5d"
url = "https://github.com/abhinav/requiredfield/releases/download/v0.10.0/requiredfield.Windows-x86_64.zip"
url_api = "https://api.github.com/repos/abhinav/requiredfield/releases/assets/522684646"

[[tools."github:miniscruff/changie"]]
version = "1.26.0"
backend = "github:miniscruff/changie"

[tools."github:miniscruff/changie"."platforms.linux-arm64"]
checksum = "sha256:ec1e542014b5134f1cf86b3a12e86d566ab5ec9bd3901bf66f42a09cd9865b6e"
url = "https://github.com/miniscruff/changie/releases/download/v1.26.0/changie_1.26.0_linux_arm64.tar.gz"
url_api = "https://api.github.com/repos/miniscruff/changie/releases/assets/522840185"

[tools."github:miniscruff/changie"."platforms.linux-arm64-musl"]
checksum = "sha256:ec1e542014b5134f1cf86b3a12e86d566ab5ec9bd3901bf66f42a09cd9865b6e"
url = "https://github.com/miniscruff/changie/releases/download/v1.26.0/changie_1.26.0_linux_arm64.tar.gz"
url_api = "https://api.github.com/repos/miniscruff/changie/releases/assets/522840185"

[tools."github:miniscruff/changie"."platforms.linux-x64"]
checksum = "sha256:eab168c8287a6e91912e1c02e5260911232d945bfd3c89d8a0e1ace6bb7b6161"
url = "https://github.com/miniscruff/changie/releases/download/v1.26.0/changie_1.26.0_linux_amd64.tar.gz"
url_api = "https://api.github.com/repos/miniscruff/changie/releases/assets/522840176"

[tools."github:miniscruff/changie"."platforms.linux-x64-musl"]
checksum = "sha256:eab168c8287a6e91912e1c02e5260911232d945bfd3c89d8a0e1ace6bb7b6161"
url = "https://github.com/miniscruff/changie/releases/download/v1.26.0/changie_1.26.0_linux_amd64.tar.gz"
url_api = "https://api.github.com/repos/miniscruff/changie/releases/assets/522840176"

[tools."github:miniscruff/changie"."platforms.macos-arm64"]
checksum = "sha256:ba1a14e0eb220fb9c7d4dc90af462e7f7178a313cdb1299a17aafbb37838a458"
url = "https://github.com/miniscruff/changie/releases/download/v1.26.0/changie_1.26.0_darwin_arm64.tar.gz"
url_api = "https://api.github.com/repos/miniscruff/changie/releases/assets/522840177"

[tools."github:miniscruff/changie"."platforms.macos-x64"]
checksum = "sha256:9a1a4dc8a6901ccd9724b3b9b5ec1354e5038b1b1aa4dceef65976f6462ac7d2"
url = "https://github.com/miniscruff/changie/releases/download/v1.26.0/changie_1.26.0_darwin_amd64.tar.gz"
url_api = "https://api.github.com/repos/miniscruff/changie/releases/assets/522840194"

[tools."github:miniscruff/changie"."platforms.windows-x64"]
checksum = "sha256:86b1e2851d78be2b52b04c8129442d4fcc8b29edd839bcc893fe66486d72ae72"
url = "https://github.com/miniscruff/changie/releases/download/v1.26.0/changie_1.26.0_windows_amd64.zip"
url_api = "https://api.github.com/repos/miniscruff/changie/releases/assets/522840186"

[[tools.go]]
version = "1.27.1"
backend = "core:go"

[tools.go."platforms.linux-arm64"]
checksum = "sha256:3450b45a3f9ee8568792736a5c5e70a1f2e9b36c35a8f74958c03e51d7d92bec"
url = "https://dl.google.com/go/go1.27.1.linux-arm64.tar.gz"

[tools.go."platforms.linux-arm64-musl"]
checksum = "sha256:3450b45a3f9ee8568792736a5c5e70a1f2e9b36c35a8f74958c03e51d7d92bec"
url = "https://dl.google.com/go/go1.27.1.linux-arm64.tar.gz"

[tools.go."platforms.linux-x64"]
checksum = "sha256:63d339f0da5ab53635a56f2490a7984dfe12dfcff22ad749f63edaf590168445"
url = "https://dl.google.com/go/go1.27.1.linux-amd64.tar.gz"

[tools.go."platforms.linux-x64-musl"]
checksum = "sha256:63d339f0da5ab53635a56f2490a7984dfe12dfcff22ad749f63edaf590168445"
url = "https://dl.google.com/go/go1.27.1.linux-amd64.tar.gz"

[tools.go."platforms.macos-arm64"]
checksum = "sha256:ee215d57e0ec269c60cc9ceca68e6bda321ba9ee5afe24f4b0988703c2d87d12"
url = "https://dl.google.com/go/go1.27.1.darwin-arm64.tar.gz"

[tools.go."platforms.macos-x64"]
checksum = "sha256:8f8f52c6649542cf027bbc9b9c68d1ec042f9f34808a40413f0b8b3f66f3caa4"
url = "https://dl.google.com/go/go1.27.1.darwin-amd64.tar.gz"

[tools.go."platforms.windows-x64"]
checksum = "sha256:a3911b5e0e1b1053f25ed0675f4c1c6aad1e2bfcf253df2b9be4caabd2edd95d"
url = "https://dl.google.com/go/go1.27.1.windows-amd64.zip"

[[tools.gofumpt]]
version = "0.12.0"
backend = "aqua:mvdan/gofumpt"

[tools.gofumpt."platforms.linux-arm64"]
checksum = "sha256:4322f081241ab0618356aa5921a8c110e4c7acfc17175cc15dc57b2f4a4b652d"
url = "https://github.com/mvdan/gofumpt/releases/download/v0.12.0/gofumpt_v0.12.0_linux_arm64"
url_api = "https://api.github.com/repos/mvdan/gofumpt/releases/assets/549473501"

[tools.gofumpt."platforms.linux-arm64-musl"]
checksum = "sha256:4322f081241ab0618356aa5921a8c110e4c7acfc17175cc15dc57b2f4a4b652d"
url = "https://github.com/mvdan/gofumpt/releases/download/v0.12.0/gofumpt_v0.12.0_linux_arm64"
url_api = "https://api.github.com/repos/mvdan/gofumpt/releases/assets/549473501"

[tools.gofumpt."platforms.linux-x64"]
checksum = "sha256:3bc4fcad497439918f5f56d4987de4709a99da0a355e6bec13a7278532b01d38"
url = "https://github.com/mvdan/gofumpt/releases/download/v0.12.0/gofumpt_v0.12.0_linux_amd64"
url_api = "https://api.github.com/repos/mvdan/gofumpt/releases/assets/549473521"

[tools.gofumpt."platforms.linux-x64-musl"]
checksum = "sha256:3bc4fcad497439918f5f56d4987de4709a99da0a355e6bec13a7278532b01d38"
url = "https://github.com/mvdan/gofumpt/releases/download/v0.12.0/gofumpt_v0.12.0_linux_amd64"
url_api = "https://api.github.com/repos/mvdan/gofumpt/releases/assets/549473521"

[tools.gofumpt."platforms.macos-arm64"]
checksum = "sha256:1a3e325b956ed12c21031d9e13382bd51a4fabb57de8d40428819b9583c3cfb9"
url = "https://github.com/mvdan/gofumpt/releases/download/v0.12.0/gofumpt_v0.12.0_darwin_arm64"
url_api = "https://api.github.com/repos/mvdan/gofumpt/releases/assets/549473536"

[tools.gofumpt."platforms.macos-x64"]
checksum = "sha256:1d3626892a321aca96a891696eaecb8f68e69e90582c2b55672d5ca210fd5fa8"
url = "https://github.com/mvdan/gofumpt/releases/download/v0.12.0/gofumpt_v0.12.0_darwin_amd64"
url_api = "https://api.github.com/repos/mvdan/gofumpt/releases/assets/549473545"

[tools.gofumpt."platforms.windows-x64"]
checksum = "sha256:66bd679908b64864fc85417e7ea01148774b477364b9a02ab1c194333a55c997"
url = "https://github.com/mvdan/gofumpt/releases/download/v0.12.0/gofumpt_v0.12.0_windows_amd64.exe"
url_api = "https://api.github.com/repos/mvdan/gofumpt/releases/assets/549473475"

[[tools.node]]
version = "24.21.0"
backend = "core:node"

[tools.node."platforms.linux-arm64"]
checksum = "sha256:724282c3b43aec998aa9527380465b45d229e021b58035f5f4f63095eabfe5d5"
url = "https://nodejs.org/dist/v24.21.0/node-v24.21.0-linux-arm64.tar.gz"

[tools.node."platforms.linux-arm64-musl"]
checksum = "sha256:3048b0811e158ca0d8672b59c839861763e144492980d8d29b369dfee45747e4"
url = "https://unofficial-builds.nodejs.org/download/release/v24.21.0/node-v24.21.0-linux-arm64-musl.tar.gz"

[tools.node."platforms.linux-x64"]
checksum = "sha256:6e1db87ef58b8819e5d5402eff1536491b18edd8eb7bee5ef7897876e88dc5ff"
url = "https://nodejs.org/dist/v24.21.0/node-v24.21.0-linux-x64.tar.gz"

[tools.node."platforms.linux-x64-musl"]
checksum = "sha256:01a713e34da98e7b4d2a3191ee7ca3f93dd0384d1a2ef23c379b2161ee6e133a"
url = "https://unofficial-builds.nodejs.org/download/release/v24.21.0/node-v24.21.0-linux-x64-musl.tar.gz"

[tools.node."platforms.macos-arm64"]
checksum = "sha256:bed7eea5325e1108f32ce5228ddd6a5f0f08a499ee42aa7442aea583702f6057"
url = "https://nodejs.org/dist/v24.21.0/node-v24.21.0-darwin-arm64.tar.gz"

[tools.node."platforms.macos-x64"]
checksum = "sha256:1462cb3b3046b815cf8ea436d3da450ec1a9f11dac7e5a46b0ada5305d7e8097"
url = "https://nodejs.org/dist/v24.21.0/node-v24.21.0-darwin-x64.tar.gz"

[tools.node."platforms.windows-x64"]
checksum = "sha256:158f7685b44de51f6c0df1d153526cbcd3e1bc739a8dfc607721cef75de9e541"
url = "https://nodejs.org/dist/v24.21.0/node-v24.21.0-win-x64.zip"
