# @generated - this file is auto-generated by `mise lock` https://mise.jdx.dev/dev-tools/mise-lock.html

[[tools.hugo-extended]]
version = "0.166.0"
backend = "aqua:gohugoio/hugo/hugo-extended"

[tools.hugo-extended."platforms.macos-arm64"]
checksum = "sha256:5ac468a54ccd99bd3bfcdacadec25f6fcd6c0606dccfa86bb761d400d3f0a680"
url = "https://github.com/gohugoio/hugo/releases/download/v0.166.0/hugo_extended_0.166.0_darwin-universal.pkg"
url_api = "https://api.github.com/repos/gohugoio/hugo/releases/assets/552998784"

[tools.hugo-extended."platforms.macos-x64"]
checksum = "sha256:5ac468a54ccd99bd3bfcdacadec25f6fcd6c0606dccfa86bb761d400d3f0a680"
url = "https://github.com/gohugoio/hugo/releases/download/v0.166.0/hugo_extended_0.166.0_darwin-universal.pkg"
url_api = "https://api.github.com/repos/gohugoio/hugo/releases/assets/552998784"
