{
  "name": "doc2go-integration-test",
  "version": "1.0.0",
  "lockfileVersion": 3,
  "requires": true,
  "packages": {
    "": {
      "name": "doc2go-integration-test",
      "version": "1.0.0",
      "license": "Apache-2.0",
      "dependencies": {
        "pagefind": "^1.0.4"
      }
    },
    "node_modules/@pagefind/darwin-arm64": {
      "version": "1.0.4",
      "resolved": "https://registry.npmjs.org/@pagefind/darwin-arm64/-/darwin-arm64-1.0.4.tgz",
      "integrity": "sha512-2OcthvceX2xhm5XbgOmW+lT45oLuHqCmvFeFtxh1gsuP5cO8vcD8ZH8Laj4pXQFCcK6eAdSShx+Ztx/LsQWZFQ==",
      "cpu": [
        "arm64"
      ],
      "optional": true,
      "os": [
        "darwin"
      ]
    },
    "node_modules/@pagefind/darwin-x64": {
      "version": "1.0.4",
      "resolved": "https://registry.npmjs.org/@pagefind/darwin-x64/-/darwin-x64-1.0.4.tgz",
      "integrity": "sha512-xkdvp0D9Ld/ZKsjo/y1bgfhTEU72ITimd2PMMQtts7jf6JPIOJbsiErCvm37m/qMFuPGEq/8d+fZ4pydOj08HQ==",
      "cpu": [
        "x64"
      ],
      "optional": true,
      "os": [
        "darwin"
      ]
    },
    "node_modules/@pagefind/linux-arm64": {
      "version": "1.0.4",
      "resolved": "https://registry.npmjs.org/@pagefind/linux-arm64/-/linux-arm64-1.0.4.tgz",
      "integrity": "sha512-jGBrcCzIrMnNxLKVtogaQyajVfTAXM59KlBEwg6vTn8NW4fQ6nuFbbhlG4dTIsaamjEM5e8ZBEAKZfTB/qd9xw==",
      "cpu": [
        "arm64"
      ],
      "optional": true,
      "os": [
        "linux"
      ]
    },
    "node_modules/@pagefind/linux-x64": {
      "version": "1.0.4",
      "resolved": "https://registry.npmjs.org/@pagefind/linux-x64/-/linux-x64-1.0.4.tgz",
      "integrity": "sha512-LIn/QcvcEtLEBqKe5vpSbSC2O3fvqbRCWOTIklslqSORisCsvzsWbP6j+LYxE9q0oWIfkdMoWV1vrE/oCKRxHg==",
      "cpu": [
        "x64"
      ],
      "optional": true,
      "os": [
        "linux"
      ]
    },
    "node_modules/@pagefind/windows-x64": {
      "version": "1.0.4",
      "resolved": "https://registry.npmjs.org/@pagefind/windows-x64/-/windows-x64-1.0.4.tgz",
      "integrity": "sha512-QlBCVeZfj9fc9sbUgdOz76ZDbeK4xZihOBAFqGuRJeChfM8pnVeH9iqSnXgO3+m9oITugTf7PicyRUFAG76xeQ==",
      "cpu": [
        "x64"
      ],
      "optional": true,
      "os": [
        "win32"
      ]
    },
    "node_modules/pagefind": {
      "version": "1.0.4",
      "resolved": "https://registry.npmjs.org/pagefind/-/pagefind-1.0.4.tgz",
      "integrity": "sha512-oRIizYe+zSI2Jw4zcMU0ebDZm27751hRFiSOBLwc1OIYMrsZKk+3m8p9EVaOmc6zZdtqwwdilNUNxXvBeHcP9w==",
      "bin": {
        "pagefind": "lib/runner/bin.cjs"
      },
      "optionalDependencies": {
        "@pagefind/darwin-arm64": "1.0.4",
        "@pagefind/darwin-x64": "1.0.4",
        "@pagefind/linux-arm64": "1.0.4",
        "@pagefind/linux-x64": "1.0.4",
        "@pagefind/windows-x64": "1.0.4"
      }
    }
  }
}
