{
  "name": "doc2go-integration-test",
  "version": "1.0.0",
  "lockfileVersion": 3,
  "requires": true,
  "packages": {
    "": {
      "name": "doc2go-integration-test",
      "version": "1.0.0",
      "license": "Apache-2.0",
      "dependencies": {
        "pagefind": "^1.0.4"
      }
    },
    "node_modules/@pagefind/darwin-arm64": {
      "version": "1.3.0",
      "resolved": "https://registry.npmjs.org/@pagefind/darwin-arm64/-/darwin-arm64-1.3.0.tgz",
      "integrity": "sha512-365BEGl6ChOsauRjyVpBjXybflXAOvoMROw3TucAROHIcdBvXk9/2AmEvGFU0r75+vdQI4LJdJdpH4Y6Yqaj4A==",
      "cpu": [
        "arm64"
      ],
      "license": "MIT",
      "optional": true,
      "os": [
        "darwin"
      ]
    },
    "node_modules/@pagefind/darwin-x64": {
      "version": "1.3.0",
      "resolved": "https://registry.npmjs.org/@pagefind/darwin-x64/-/darwin-x64-1.3.0.tgz",
      "integrity": "sha512-zlGHA23uuXmS8z3XxEGmbHpWDxXfPZ47QS06tGUq0HDcZjXjXHeLG+cboOy828QIV5FXsm9MjfkP5e4ZNbOkow==",
      "cpu": [
        "x64"
      ],
      "license": "MIT",
      "optional": true,
      "os": [
        "darwin"
      ]
    },
    "node_modules/@pagefind/linux-arm64": {
      "version": "1.3.0",
      "resolved": "https://registry.npmjs.org/@pagefind/linux-arm64/-/linux-arm64-1.3.0.tgz",
      "integrity": "sha512-8lsxNAiBRUk72JvetSBXs4WRpYrQrVJXjlRRnOL6UCdBN9Nlsz0t7hWstRk36+JqHpGWOKYiuHLzGYqYAqoOnQ==",
      "cpu": [
        "arm64"
      ],
      "license": "MIT",
      "optional": true,
      "os": [
        "linux"
      ]
    },
    "node_modules/@pagefind/linux-x64": {
      "version": "1.3.0",
      "resolved": "https://registry.npmjs.org/@pagefind/linux-x64/-/linux-x64-1.3.0.tgz",
      "integrity": "sha512-hAvqdPJv7A20Ucb6FQGE6jhjqy+vZ6pf+s2tFMNtMBG+fzcdc91uTw7aP/1Vo5plD0dAOHwdxfkyw0ugal4kcQ==",
      "cpu": [
        "x64"
      ],
      "license": "MIT",
      "optional": true,
      "os": [
        "linux"
      ]
    },
    "node_modules/@pagefind/windows-x64": {
      "version": "1.3.0",
      "resolved": "https://registry.npmjs.org/@pagefind/windows-x64/-/windows-x64-1.3.0.tgz",
      "integrity": "sha512-BR1bIRWOMqkf8IoU576YDhij1Wd/Zf2kX/kCI0b2qzCKC8wcc2GQJaaRMCpzvCCrmliO4vtJ6RITp/AnoYUUmQ==",
      "cpu": [
        "x64"
      ],
      "license": "MIT",
      "optional": true,
      "os": [
        "win32"
      ]
    },
    "node_modules/pagefind": {
      "version": "1.3.0",
      "resolved": "https://registry.npmjs.org/pagefind/-/pagefind-1.3.0.tgz",
      "integrity": "sha512-8KPLGT5g9s+olKMRTU9LFekLizkVIu9tes90O1/aigJ0T5LmyPqTzGJrETnSw3meSYg58YH7JTzhTTW/3z6VAw==",
      "license": "MIT",
      "bin": {
        "pagefind": "lib/runner/bin.cjs"
      },
      "optionalDependencies": {
        "@pagefind/darwin-arm64": "1.3.0",
        "@pagefind/darwin-x64": "1.3.0",
        "@pagefind/linux-arm64": "1.3.0",
        "@pagefind/linux-x64": "1.3.0",
        "@pagefind/windows-x64": "1.3.0"
      }
    }
  }
}
