{
  "name": "doc2go-integration-test",
  "version": "1.0.0",
  "lockfileVersion": 3,
  "requires": true,
  "packages": {
    "": {
      "name": "doc2go-integration-test",
      "version": "1.0.0",
      "license": "Apache-2.0",
      "dependencies": {
        "pagefind": "^1.0.4"
      }
    },
    "node_modules/@pagefind/darwin-arm64": {
      "version": "1.4.0",
      "resolved": "https://registry.npmjs.org/@pagefind/darwin-arm64/-/darwin-arm64-1.4.0.tgz",
      "integrity": "sha512-2vMqkbv3lbx1Awea90gTaBsvpzgRs7MuSgKDxW0m9oV1GPZCZbZBJg/qL83GIUEN2BFlY46dtUZi54pwH+/pTQ==",
      "cpu": [
        "arm64"
      ],
      "license": "MIT",
      "optional": true,
      "os": [
        "darwin"
      ]
    },
    "node_modules/@pagefind/darwin-x64": {
      "version": "1.4.0",
      "resolved": "https://registry.npmjs.org/@pagefind/darwin-x64/-/darwin-x64-1.4.0.tgz",
      "integrity": "sha512-e7JPIS6L9/cJfow+/IAqknsGqEPjJnVXGjpGm25bnq+NPdoD3c/7fAwr1OXkG4Ocjx6ZGSCijXEV4ryMcH2E3A==",
      "cpu": [
        "x64"
      ],
      "license": "MIT",
      "optional": true,
      "os": [
        "darwin"
      ]
    },
    "node_modules/@pagefind/freebsd-x64": {
      "version": "1.4.0",
      "resolved": "https://registry.npmjs.org/@pagefind/freebsd-x64/-/freebsd-x64-1.4.0.tgz",
      "integrity": "sha512-WcJVypXSZ+9HpiqZjFXMUobfFfZZ6NzIYtkhQ9eOhZrQpeY5uQFqNWLCk7w9RkMUwBv1HAMDW3YJQl/8OqsV0Q==",
      "cpu": [
        "x64"
      ],
      "license": "MIT",
      "optional": true,
      "os": [
        "freebsd"
      ]
    },
    "node_modules/@pagefind/linux-arm64": {
      "version": "1.4.0",
      "resolved": "https://registry.npmjs.org/@pagefind/linux-arm64/-/linux-arm64-1.4.0.tgz",
      "integrity": "sha512-PIt8dkqt4W06KGmQjONw7EZbhDF+uXI7i0XtRLN1vjCUxM9vGPdtJc2mUyVPevjomrGz5M86M8bqTr6cgDp1Uw==",
      "cpu": [
        "arm64"
      ],
      "license": "MIT",
      "optional": true,
      "os": [
        "linux"
      ]
    },
    "node_modules/@pagefind/linux-x64": {
      "version": "1.4.0",
      "resolved": "https://registry.npmjs.org/@pagefind/linux-x64/-/linux-x64-1.4.0.tgz",
      "integrity": "sha512-z4oddcWwQ0UHrTHR8psLnVlz6USGJ/eOlDPTDYZ4cI8TK8PgwRUPQZp9D2iJPNIPcS6Qx/E4TebjuGJOyK8Mmg==",
      "cpu": [
        "x64"
      ],
      "license": "MIT",
      "optional": true,
      "os": [
        "linux"
      ]
    },
    "node_modules/@pagefind/windows-x64": {
      "version": "1.4.0",
      "resolved": "https://registry.npmjs.org/@pagefind/windows-x64/-/windows-x64-1.4.0.tgz",
      "integrity": "sha512-NkT+YAdgS2FPCn8mIA9bQhiBs+xmniMGq1LFPDhcFn0+2yIUEiIG06t7bsZlhdjknEQRTSdT7YitP6fC5qwP0g==",
      "cpu": [
        "x64"
      ],
      "license": "MIT",
      "optional": true,
      "os": [
        "win32"
      ]
    },
    "node_modules/pagefind": {
      "version": "1.4.0",
      "resolved": "https://registry.npmjs.org/pagefind/-/pagefind-1.4.0.tgz",
      "integrity": "sha512-z2kY1mQlL4J8q5EIsQkLzQjilovKzfNVhX8De6oyE6uHpfFtyBaqUpcl/XzJC/4fjD8vBDyh1zolimIcVrCn9g==",
      "license": "MIT",
      "bin": {
        "pagefind": "lib/runner/bin.cjs"
      },
      "optionalDependencies": {
        "@pagefind/darwin-arm64": "1.4.0",
        "@pagefind/darwin-x64": "1.4.0",
        "@pagefind/freebsd-x64": "1.4.0",
        "@pagefind/linux-arm64": "1.4.0",
        "@pagefind/linux-x64": "1.4.0",
        "@pagefind/windows-x64": "1.4.0"
      }
    }
  }
}
